
Microsoft Visual Studio Solution File, Format Version 12.00
Project("{FAE04EC0-301F-11D3-BF4B-00C04F79EFBC}") = "QuanLyDuongPho1", "QuanLyDuongPho1\QuanLyDuongPho1.csproj", "{787AEE31-55E8-4A30-BB09-DA577523CFB3}"
EndProject
Global
	GlobalSection(SolutionConfigurationPlatforms) = preSolution
		Debug|Any CPU = Debug|Any CPU
		Release|Any CPU = Release|Any CPU
	EndGlobalSection
	GlobalSection(ProjectConfigurationPlatforms) = postSolution
		{787AEE31-55E8-4A30-BB09-DA577523CFB3}.Debug|Any CPU.ActiveCfg = Debug|Any CPU
		{787AEE31-55E8-4A30-BB09-DA577523CFB3}.Debug|Any CPU.Build.0 = Debug|Any CPU
		{787AEE31-55E8-4A30-BB09-DA577523CFB3}.Release|Any CPU.ActiveCfg = Release|Any CPU
		{787AEE31-55E8-4A30-BB09-DA577523CFB3}.Release|Any CPU.Build.0 = Release|Any CPU
	EndGlobalSection
EndGlobal
